{
  "version": "5",
  "specifiers": {
    "jsr:@std/assert@1.0.19": "1.0.19",
    "jsr:@std/internal@^1.0.12": "1.0.13",
    "jsr:@valibot/valibot@1.4.0": "1.4.0",
    "npm:xstate@5.31.1": "5.31.1"
  },
  "jsr": {
    "@std/assert@1.0.19": {
      "integrity": "eaada96ee120cb980bc47e040f82814d786fe8162ecc53c91d8df60b8755991e",
      "dependencies": [
        "jsr:@std/internal"
      ]
    },
    "@std/internal@1.0.13": {
      "integrity": "2f9546691d4ac2d32859c82dff284aaeac980ddeca38430d07941e7e288725c0"
    },
    "@valibot/valibot@1.4.0": {
      "integrity": "3ff610571ed279b5e0cd03476664c37701f83657b9de0dfc3c8d3061af342707"
    }
  },
  "npm": {
    "xstate@5.31.1": {
      "integrity": "sha512-3P7t7GQ61BvLu+8Cj6Zq7rcS34vecL9pvfN2ucUWmIFIUG+rAREviOs4Xy4OO3BuJHSz6RLU8eqDXxSbVotjDQ=="
    }
  },
  "workspace": {
    "dependencies": [
      "jsr:@std/assert@1.0.19",
      "jsr:@valibot/valibot@1.4.0",
      "npm:xstate@5.31.1"
    ]
  }
}
